// !$*UTF8*$!
{
	archiveVersion = 1;
	classes = {
	};
	objectVersion = 51;
	objects = {

/* Begin PBXBuildFile section */
		14E8F019098A4D07145F1705 /* Pods_iTunes_Search.framework in Frameworks */ = {isa = PBXBuildFile; fileRef = 32096A0313BF59205D991635 /* Pods_iTunes_Search.framework */; };
		8233086A265489B3007A6F68 /* MovieRow.swift in Sources */ = {isa = PBXBuildFile; fileRef = 82330869265489B3007A6F68 /* MovieRow.swift */; };
		8233086C2654ABAA007A6F68 /* DetailView.swift in Sources */ = {isa = PBXBuildFile; fileRef = 8233086B2654ABAA007A6F68 /* DetailView.swift */; };
		824D607B269704D900CA00DB /* FavoritesView.swift in Sources */ = {isa = PBXBuildFile; fileRef = 824D607A269704D900CA00DB /* FavoritesView.swift */; };
		824D607E26970E6800CA00DB /* TrackDataModel.xcdatamodeld in Sources */ = {isa = PBXBuildFile; fileRef = 824D607C26970E6800CA00DB /* TrackDataModel.xcdatamodeld */; };
		824D6080269712D500CA00DB /* Persistence.swift in Sources */ = {isa = PBXBuildFile; fileRef = 824D607F269712D500CA00DB /* Persistence.swift */; };
		827DE1F72653E85200CF78FA /* iTunes_SearchApp.swift in Sources */ = {isa = PBXBuildFile; fileRef = 827DE1F62653E85200CF78FA /* iTunes_SearchApp.swift */; };
		827DE1F92653E85200CF78FA /* ContentView.swift in Sources */ = {isa = PBXBuildFile; fileRef = 827DE1F82653E85200CF78FA /* ContentView.swift */; };
		827DE1FB2653E85600CF78FA /* Assets.xcassets in Resources */ = {isa = PBXBuildFile; fileRef = 827DE1FA2653E85600CF78FA /* Assets.xcassets */; };
		827DE1FE2653E85600CF78FA /* Preview Assets.xcassets in Resources */ = {isa = PBXBuildFile; fileRef = 827DE1FD2653E85600CF78FA /* Preview Assets.xcassets */; };
		827DE2062653F3CD00CF78FA /* TrackData.swift in Sources */ = {isa = PBXBuildFile; fileRef = 827DE2052653F3CD00CF78FA /* TrackData.swift */; };
		827DE2082653F41200CF78FA /* NetworkManager.swift in Sources */ = {isa = PBXBuildFile; fileRef = 827DE2072653F41200CF78FA /* NetworkManager.swift */; };
/* End PBXBuildFile section */

/* Begin PBXFileReference section */
		32096A0313BF59205D991635 /* Pods_iTunes_Search.framework */ = {isa = PBXFileReference; explicitFileType = wrapper.framework; includeInIndex = 0; path = Pods_iTunes_Search.framework; sourceTree = BUILT_PRODUCTS_DIR; };
		82330869265489B3007A6F68 /* MovieRow.swift */ = {isa = PBXFileReference; lastKnownFileType = sourcecode.swift; path = MovieRow.swift; sourceTree = "<group>"; };
		8233086B2654ABAA007A6F68 /* DetailView.swift */ = {isa = PBXFileReference; lastKnownFileType = sourcecode.swift; path = DetailView.swift; sourceTree = "<group>"; };
		824D607A269704D900CA00DB /* FavoritesView.swift */ = {isa = PBXFileReference; lastKnownFileType = sourcecode.swift; path = FavoritesView.swift; sourceTree = "<group>"; };
		824D607D26970E6800CA00DB /* TrackDataModel.xcdatamodel */ = {isa = PBXFileReference; lastKnownFileType = wrapper.xcdatamodel; path = TrackDataModel.xcdatamodel; sourceTree = "<group>"; };
		824D607F269712D500CA00DB /* Persistence.swift */ = {isa = PBXFileReference; lastKnownFileType = sourcecode.swift; path = Persistence.swift; sourceTree = "<group>"; };
		827DE1F32653E85200CF78FA /* iTunes Search.app */ = {isa = PBXFileReference; explicitFileType = wrapper.application; includeInIndex = 0; path = "iTunes Search.app"; sourceTree = BUILT_PRODUCTS_DIR; };
		827DE1F62653E85200CF78FA /* iTunes_SearchApp.swift */ = {isa = PBXFileReference; lastKnownFileType = sourcecode.swift; path = iTunes_SearchApp.swift; sourceTree = "<group>"; };
		827DE1F82653E85200CF78FA /* ContentView.swift */ = {isa = PBXFileReference; lastKnownFileType = sourcecode.swift; path = ContentView.swift; sourceTree = "<group>"; };
		827DE1FA2653E85600CF78FA /* Assets.xcassets */ = {isa = PBXFileReference; lastKnownFileType = folder.assetcatalog; path = Assets.xcassets; sourceTree = "<group>"; };
		827DE1FD2653E85600CF78FA /* Preview Assets.xcassets */ = {isa = PBXFileReference; lastKnownFileType = folder.assetcatalog; path = "Preview Assets.xcassets"; sourceTree = "<group>"; };
		827DE1FF2653E85600CF78FA /* Info.plist */ = {isa = PBXFileReference; lastKnownFileType = text.plist.xml; path = Info.plist; sourceTree = "<group>"; };
		827DE2052653F3CD00CF78FA /* TrackData.swift */ = {isa = PBXFileReference; lastKnownFileType = sourcecode.swift; path = TrackData.swift; sourceTree = "<group>"; };
		827DE2072653F41200CF78FA /* NetworkManager.swift */ = {isa = PBXFileReference; lastKnownFileType = sourcecode.swift; path = NetworkManager.swift; sourceTree = "<group>"; };
		B89A4203AE2316FFBFB3D8F8 /* Pods-iTunes Search.release.xcconfig */ = {isa = PBXFileReference; includeInIndex = 1; lastKnownFileType = text.xcconfig; name = "Pods-iTunes Search.release.xcconfig"; path = "Target Support Files/Pods-iTunes Search/Pods-iTunes Search.release.xcconfig"; sourceTree = "<group>"; };
		D59D1C5CB8BE31D8CF15AFA4 /* Pods-iTunes Search.debug.xcconfig */ = {isa = PBXFileReference; includeInIndex = 1; lastKnownFileType = text.xcconfig; name = "Pods-iTunes Search.debug.xcconfig"; path = "Target Support Files/Pods-iTunes Search/Pods-iTunes Search.debug.xcconfig"; sourceTree = "<group>"; };
/* End PBXFileReference section */

/* Begin PBXFrameworksBuildPhase section */
		827DE1F02653E85200CF78FA /* Frameworks */ = {
			isa = PBXFrameworksBuildPhase;
			buildActionMask = 2147483647;
			files = (
				14E8F019098A4D07145F1705 /* Pods_iTunes_Search.framework in Frameworks */,
			);
			runOnlyForDeploymentPostprocessing = 0;
		};
/* End PBXFrameworksBuildPhase section */

/* Begin PBXGroup section */
		06653009EF2E1B03AAFDF506 /* Pods */ = {
			isa = PBXGroup;
			children = (
				D59D1C5CB8BE31D8CF15AFA4 /* Pods-iTunes Search.debug.xcconfig */,
				B89A4203AE2316FFBFB3D8F8 /* Pods-iTunes Search.release.xcconfig */,
			);
			path = Pods;
			sourceTree = "<group>";
		};
		822972402698432A00618E2E /* View */ = {
			isa = PBXGroup;
			children = (
				827DE1F82653E85200CF78FA /* ContentView.swift */,
				824D607A269704D900CA00DB /* FavoritesView.swift */,
				82330869265489B3007A6F68 /* MovieRow.swift */,
				8233086B2654ABAA007A6F68 /* DetailView.swift */,
			);
			path = View;
			sourceTree = "<group>";
		};
		822972412698433B00618E2E /* Model */ = {
			isa = PBXGroup;
			children = (
				827DE2052653F3CD00CF78FA /* TrackData.swift */,
				824D607C26970E6800CA00DB /* TrackDataModel.xcdatamodeld */,
			);
			path = Model;
			sourceTree = "<group>";
		};
		822972422698434300618E2E /* Controller */ = {
			isa = PBXGroup;
			children = (
				827DE2072653F41200CF78FA /* NetworkManager.swift */,
				824D607F269712D500CA00DB /* Persistence.swift */,
			);
			path = Controller;
			sourceTree = "<group>";
		};
		827DE1EA2653E85200CF78FA = {
			isa = PBXGroup;
			children = (
				827DE1F52653E85200CF78FA /* iTunes Search */,
				827DE1F42653E85200CF78FA /* Products */,
				06653009EF2E1B03AAFDF506 /* Pods */,
				D5E0A03B16A93979C02BCA9F /* Frameworks */,
			);
			sourceTree = "<group>";
		};
		827DE1F42653E85200CF78FA /* Products */ = {
			isa = PBXGroup;
			children = (
				827DE1F32653E85200CF78FA /* iTunes Search.app */,
			);
			name = Products;
			sourceTree = "<group>";
		};
		827DE1F52653E85200CF78FA /* iTunes Search */ = {
			isa = PBXGroup;
			children = (
				827DE1F62653E85200CF78FA /* iTunes_SearchApp.swift */,
				822972412698433B00618E2E /* Model */,
				822972402698432A00618E2E /* View */,
				822972422698434300618E2E /* Controller */,
				827DE1FA2653E85600CF78FA /* Assets.xcassets */,
				827DE1FF2653E85600CF78FA /* Info.plist */,
				827DE1FC2653E85600CF78FA /* Preview Content */,
			);
			path = "iTunes Search";
			sourceTree = "<group>";
		};
		827DE1FC2653E85600CF78FA /* Preview Content */ = {
			isa = PBXGroup;
			children = (
				827DE1FD2653E85600CF78FA /* Preview Assets.xcassets */,
			);
			path = "Preview Content";
			sourceTree = "<group>";
		};
		D5E0A03B16A93979C02BCA9F /* Frameworks */ = {
			isa = PBXGroup;
			children = (
				32096A0313BF59205D991635 /* Pods_iTunes_Search.framework */,
			);
			name = Frameworks;
			sourceTree = "<group>";
		};
/* End PBXGroup section */

/* Begin PBXNativeTarget section */
		827DE1F22653E85200CF78FA /* iTunes Search */ = {
			isa = PBXNativeTarget;
			buildConfigurationList = 827DE2022653E85600CF78FA /* Build configuration list for PBXNativeTarget "iTunes Search" */;
			buildPhases = (
				DBC0588B4ED4064E38A519C7 /* [CP] Check Pods Manifest.lock */,
				827DE1EF2653E85200CF78FA /* Sources */,
				827DE1F02653E85200CF78FA /* Frameworks */,
				827DE1F12653E85200CF78FA /* Resources */,
				325C5B4618ACA4ED72F5C9F8 /* [CP] Embed Pods Frameworks */,
			);
			buildRules = (
			);
			dependencies = (
			);
			name = "iTunes Search";
			productName = "iTunes Search";
			productReference = 827DE1F32653E85200CF78FA /* iTunes Search.app */;
			productType = "com.apple.product-type.application";
		};
/* End PBXNativeTarget section */

/* Begin PBXProject section */
		827DE1EB2653E85200CF78FA /* Project object */ = {
			isa = PBXProject;
			attributes = {
				LastSwiftUpdateCheck = 1250;
				LastUpgradeCheck = 1250;
				TargetAttributes = {
					827DE1F22653E85200CF78FA = {
						CreatedOnToolsVersion = 12.5;
					};
				};
			};
			buildConfigurationList = 827DE1EE2653E85200CF78FA /* Build configuration list for PBXProject "iTunes Search" */;
			compatibilityVersion = "Xcode 9.3";
			developmentRegion = en;
			hasScannedForEncodings = 0;
			knownRegions = (
				en,
				Base,
			);
			mainGroup = 827DE1EA2653E85200CF78FA;
			productRefGroup = 827DE1F42653E85200CF78FA /* Products */;
			projectDirPath = "";
			projectRoot = "";
			targets = (
				827DE1F22653E85200CF78FA /* iTunes Search */,
			);
		};
/* End PBXProject section */

/* Begin PBXResourcesBuildPhase section */
		827DE1F12653E85200CF78FA /* Resources */ = {
			isa = PBXResourcesBuildPhase;
			buildActionMask = 2147483647;
			files = (
				827DE1FE2653E85600CF78FA /* Preview Assets.xcassets in Resources */,
				827DE1FB2653E85600CF78FA /* Assets.xcassets in Resources */,
			);
			runOnlyForDeploymentPostprocessing = 0;
		};
/* End PBXResourcesBuildPhase section */

/* Begin PBXShellScriptBuildPhase section */
		325C5B4618ACA4ED72F5C9F8 /* [CP] Embed Pods Frameworks */ = {
			isa = PBXShellScriptBuildPhase;
			buildActionMask = 2147483647;
			files = (
			);
			inputFileListPaths = (
				"${PODS_ROOT}/Target Support Files/Pods-iTunes Search/Pods-iTunes Search-frameworks-${CONFIGURATION}-input-files.xcfilelist",
			);
			name = "[CP] Embed Pods Frameworks";
			outputFileListPaths = (
				"${PODS_ROOT}/Target Support Files/Pods-iTunes Search/Pods-iTunes Search-frameworks-${CONFIGURATION}-output-files.xcfilelist",
			);
			runOnlyForDeploymentPostprocessing = 0;
			shellPath = /bin/sh;
			shellScript = "\"${PODS_ROOT}/Target Support Files/Pods-iTunes Search/Pods-iTunes Search-frameworks.sh\"\n";
			showEnvVarsInLog = 0;
		};
		DBC0588B4ED4064E38A519C7 /* [CP] Check Pods Manifest.lock */ = {
			isa = PBXShellScriptBuildPhase;
			buildActionMask = 2147483647;
			files = (
			);
			inputFileListPaths = (
			);
			inputPaths = (
				"${PODS_PODFILE_DIR_PATH}/Podfile.lock",
				"${PODS_ROOT}/Manifest.lock",
			);
			name = "[CP] Check Pods Manifest.lock";
			outputFileListPaths = (
			);
			outputPaths = (
				"$(DERIVED_FILE_DIR)/Pods-iTunes Search-checkManifestLockResult.txt",
			);
			runOnlyForDeploymentPostprocessing = 0;
			shellPath = /bin/sh;
			shellScript = "diff \"${PODS_PODFILE_DIR_PATH}/Podfile.lock\" \"${PODS_ROOT}/Manifest.lock\" > /dev/null\nif [ $? != 0 ] ; then\n    # print error to STDERR\n    echo \"error: The sandbox is not in sync with the Podfile.lock. Run 'pod install' or update your CocoaPods installation.\" >&2\n    exit 1\nfi\n# This output is used by Xcode 'outputs' to avoid re-running this script phase.\necho \"SUCCESS\" > \"${SCRIPT_OUTPUT_FILE_0}\"\n";
			showEnvVarsInLog = 0;
		};
/* End PBXShellScriptBuildPhase section */

/* Begin PBXSourcesBuildPhase section */
		827DE1EF2653E85200CF78FA /* Sources */ = {
			isa = PBXSourcesBuildPhase;
			buildActionMask = 2147483647;
			files = (
				824D6080269712D500CA00DB /* Persistence.swift in Sources */,
				827DE2082653F41200CF78FA /* NetworkManager.swift in Sources */,
				8233086C2654ABAA007A6F68 /* DetailView.swift in Sources */,
				8233086A265489B3007A6F68 /* MovieRow.swift in Sources */,
				824D607E26970E6800CA00DB /* TrackDataModel.xcdatamodeld in Sources */,
				827DE2062653F3CD00CF78FA /* TrackData.swift in Sources */,
				824D607B269704D900CA00DB /* FavoritesView.swift in Sources */,
				827DE1F92653E85200CF78FA /* ContentView.swift in Sources */,
				827DE1F72653E85200CF78FA /* iTunes_SearchApp.swift in Sources */,
			);
			runOnlyForDeploymentPostprocessing = 0;
		};
/* End PBXSourcesBuildPhase section */

/* Begin XCBuildConfiguration section */
		827DE2002653E85600CF78FA /* Debug */ = {
			isa = XCBuildConfiguration;
			buildSettings = {
				ALWAYS_SEARCH_USER_PATHS = NO;
				CLANG_ANALYZER_NONNULL = YES;
				CLANG_ANALYZER_NUMBER_OBJECT_CONVERSION = YES_AGGRESSIVE;
				CLANG_CXX_LANGUAGE_STANDARD = "gnu++14";
				CLANG_CXX_LIBRARY = "libc++";
				CLANG_ENABLE_MODULES = YES;
				CLANG_ENABLE_OBJC_ARC = YES;
				CLANG_ENABLE_OBJC_WEAK = YES;
				CLANG_WARN_BLOCK_CAPTURE_AUTORELEASING = YES;
				CLANG_WARN_BOOL_CONVERSION = YES;
				CLANG_WARN_COMMA = YES;
				CLANG_WARN_CONSTANT_CONVERSION = YES;
				CLANG_WARN_DEPRECATED_OBJC_IMPLEMENTATIONS = YES;
				CLANG_WARN_DIRECT_OBJC_ISA_USAGE = YES_ERROR;
				CLANG_WARN_DOCUMENTATION_COMMENTS = YES;
				CLANG_WARN_EMPTY_BODY = YES;
				CLANG_WARN_ENUM_CONVERSION = YES;
				CLANG_WARN_INFINITE_RECURSION = YES;
				CLANG_WARN_INT_CONVERSION = YES;
				CLANG_WARN_NON_LITERAL_NULL_CONVERSION = YES;
				CLANG_WARN_OBJC_IMPLICIT_RETAIN_SELF = YES;
				CLANG_WARN_OBJC_LITERAL_CONVERSION = YES;
				CLANG_WARN_OBJC_ROOT_CLASS = YES_ERROR;
				CLANG_WARN_QUOTED_INCLUDE_IN_FRAMEWORK_HEADER = YES;
				CLANG_WARN_RANGE_LOOP_ANALYSIS = YES;
				CLANG_WARN_STRICT_PROTOTYPES = YES;
				CLANG_WARN_SUSPICIOUS_MOVE = YES;
				CLANG_WARN_UNGUARDED_AVAILABILITY = YES_AGGRESSIVE;
				CLANG_WARN_UNREACHABLE_CODE = YES;
				CLANG_WARN__DUPLICATE_METHOD_MATCH = YES;
				COPY_PHASE_STRIP = NO;
				DEBUG_INFORMATION_FORMAT = dwarf;
				ENABLE_STRICT_OBJC_MSGSEND = YES;
				ENABLE_TESTABILITY = YES;
				GCC_C_LANGUAGE_STANDARD = gnu11;
				GCC_DYNAMIC_NO_PIC = NO;
				GCC_NO_COMMON_BLOCKS = YES;
				GCC_OPTIMIZATION_LEVEL = 0;
				GCC_PREPROCESSOR_DEFINITIONS = (
					"DEBUG=1",
					"$(inherited)",
				);
				GCC_WARN_64_TO_32_BIT_CONVERSION = YES;
				GCC_WARN_ABOUT_RETURN_TYPE = YES_ERROR;
				GCC_WARN_UNDECLARED_SELECTOR = YES;
				GCC_WARN_UNINITIALIZED_AUTOS = YES_AGGRESSIVE;
				GCC_WARN_UNUSED_FUNCTION = YES;
				GCC_WARN_UNUSED_VARIABLE = YES;
				IPHONEOS_DEPLOYMENT_TARGET = 14.5;
				MTL_ENABLE_DEBUG_INFO = INCLUDE_SOURCE;
				MTL_FAST_MATH = YES;
				ONLY_ACTIVE_ARCH = YES;
				SDKROOT = iphoneos;
				SWIFT_ACTIVE_COMPILATION_CONDITIONS = DEBUG;
				SWIFT_OPTIMIZATION_LEVEL = "-Onone";
			};
			name = Debug;
		};
		827DE2012653E85600CF78FA /* Release */ = {
			isa = XCBuildConfiguration;
			buildSettings = {
				ALWAYS_SEARCH_USER_PATHS = NO;
				CLANG_ANALYZER_NONNULL = YES;
				CLANG_ANALYZER_NUMBER_OBJECT_CONVERSION = YES_AGGRESSIVE;
				CLANG_CXX_LANGUAGE_STANDARD = "gnu++14";
				CLANG_CXX_LIBRARY = "libc++";
				CLANG_ENABLE_MODULES = YES;
				CLANG_ENABLE_OBJC_ARC = YES;
				CLANG_ENABLE_OBJC_WEAK = YES;
				CLANG_WARN_BLOCK_CAPTURE_AUTORELEASING = YES;
				CLANG_WARN_BOOL_CONVERSION = YES;
				CLANG_WARN_COMMA = YES;
				CLANG_WARN_CONSTANT_CONVERSION = YES;
				CLANG_WARN_DEPRECATED_OBJC_IMPLEMENTATIONS = YES;
				CLANG_WARN_DIRECT_OBJC_ISA_USAGE = YES_ERROR;
				CLANG_WARN_DOCUMENTATION_COMMENTS = YES;
				CLANG_WARN_EMPTY_BODY = YES;
				CLANG_WARN_ENUM_CONVERSION = YES;
				CLANG_WARN_INFINITE_RECURSION = YES;
				CLANG_WARN_INT_CONVERSION = YES;
				CLANG_WARN_NON_LITERAL_NULL_CONVERSION = YES;
				CLANG_WARN_OBJC_IMPLICIT_RETAIN_SELF = YES;
				CLANG_WARN_OBJC_LITERAL_CONVERSION = YES;
				CLANG_WARN_OBJC_ROOT_CLASS = YES_ERROR;
				CLANG_WARN_QUOTED_INCLUDE_IN_FRAMEWORK_HEADER = YES;
				CLANG_WARN_RANGE_LOOP_ANALYSIS = YES;
				CLANG_WARN_STRICT_PROTOTYPES = YES;
				CLANG_WARN_SUSPICIOUS_MOVE = YES;
				CLANG_WARN_UNGUARDED_AVAILABILITY = YES_AGGRESSIVE;
				CLANG_WARN_UNREACHABLE_CODE = YES;
				CLANG_WARN__DUPLICATE_METHOD_MATCH = YES;
				COPY_PHASE_STRIP = NO;
				DEBUG_INFORMATION_FORMAT = "dwarf-with-dsym";
				ENABLE_NS_ASSERTIONS = NO;
				ENABLE_STRICT_OBJC_MSGSEND = YES;
				GCC_C_LANGUAGE_STANDARD = gnu11;
				GCC_NO_COMMON_BLOCKS = YES;
				GCC_WARN_64_TO_32_BIT_CONVERSION = YES;
				GCC_WARN_ABOUT_RETURN_TYPE = YES_ERROR;
				GCC_WARN_UNDECLARED_SELECTOR = YES;
				GCC_WARN_UNINITIALIZED_AUTOS = YES_AGGRESSIVE;
				GCC_WARN_UNUSED_FUNCTION = YES;
				GCC_WARN_UNUSED_VARIABLE = YES;
				IPHONEOS_DEPLOYMENT_TARGET = 14.5;
				MTL_ENABLE_DEBUG_INFO = NO;
				MTL_FAST_MATH = YES;
				SDKROOT = iphoneos;
				SWIFT_COMPILATION_MODE = wholemodule;
				SWIFT_OPTIMIZATION_LEVEL = "-O";
				VALIDATE_PRODUCT = YES;
			};
			name = Release;
		};
		827DE2032653E85600CF78FA /* Debug */ = {
			isa = XCBuildConfiguration;
			baseConfigurationReference = D59D1C5CB8BE31D8CF15AFA4 /* Pods-iTunes Search.debug.xcconfig */;
			buildSettings = {
				ASSETCATALOG_COMPILER_APPICON_NAME = AppIcon;
				ASSETCATALOG_COMPILER_GLOBAL_ACCENT_COLOR_NAME = AccentColor;
				CODE_SIGN_STYLE = Automatic;
				DEVELOPMENT_ASSET_PATHS = "\"iTunes Search/Preview Content\"";
				DEVELOPMENT_TEAM = 5JWA4V259W;
				ENABLE_PREVIEWS = YES;
				INFOPLIST_FILE = "iTunes Search/Info.plist";
				IPHONEOS_DEPLOYMENT_TARGET = 14.0;
				LD_RUNPATH_SEARCH_PATHS = (
					"$(inherited)",
					"@executable_path/Frameworks",
				);
				PRODUCT_BUNDLE_IDENTIFIER = "com.jeremiebitancor.iTunes-Search";
				PRODUCT_NAME = "$(TARGET_NAME)";
				SWIFT_VERSION = 5.0;
				TARGETED_DEVICE_FAMILY = "1,2";
			};
			name = Debug;
		};
		827DE2042653E85600CF78FA /* Release */ = {
			isa = XCBuildConfiguration;
			baseConfigurationReference = B89A4203AE2316FFBFB3D8F8 /* Pods-iTunes Search.release.xcconfig */;
			buildSettings = {
				ASSETCATALOG_COMPILER_APPICON_NAME = AppIcon;
				ASSETCATALOG_COMPILER_GLOBAL_ACCENT_COLOR_NAME = AccentColor;
				CODE_SIGN_STYLE = Automatic;
				DEVELOPMENT_ASSET_PATHS = "\"iTunes Search/Preview Content\"";
				DEVELOPMENT_TEAM = 5JWA4V259W;
				ENABLE_PREVIEWS = YES;
				INFOPLIST_FILE = "iTunes Search/Info.plist";
				IPHONEOS_DEPLOYMENT_TARGET = 14.0;
				LD_RUNPATH_SEARCH_PATHS = (
					"$(inherited)",
					"@executable_path/Frameworks",
				);
				PRODUCT_BUNDLE_IDENTIFIER = "com.jeremiebitancor.iTunes-Search";
				PRODUCT_NAME = "$(TARGET_NAME)";
				SWIFT_VERSION = 5.0;
				TARGETED_DEVICE_FAMILY = "1,2";
			};
			name = Release;
		};
/* End XCBuildConfiguration section */

/* Begin XCConfigurationList section */
		827DE1EE2653E85200CF78FA /* Build configuration list for PBXProject "iTunes Search" */ = {
			isa = XCConfigurationList;
			buildConfigurations = (
				827DE2002653E85600CF78FA /* Debug */,
				827DE2012653E85600CF78FA /* Release */,
			);
			defaultConfigurationIsVisible = 0;
			defaultConfigurationName = Release;
		};
		827DE2022653E85600CF78FA /* Build configuration list for PBXNativeTarget "iTunes Search" */ = {
			isa = XCConfigurationList;
			buildConfigurations = (
				827DE2032653E85600CF78FA /* Debug */,
				827DE2042653E85600CF78FA /* Release */,
			);
			defaultConfigurationIsVisible = 0;
			defaultConfigurationName = Release;
		};
/* End XCConfigurationList section */

/* Begin XCVersionGroup section */
		824D607C26970E6800CA00DB /* TrackDataModel.xcdatamodeld */ = {
			isa = XCVersionGroup;
			children = (
				824D607D26970E6800CA00DB /* TrackDataModel.xcdatamodel */,
			);
			currentVersion = 824D607D26970E6800CA00DB /* TrackDataModel.xcdatamodel */;
			path = TrackDataModel.xcdatamodeld;
			sourceTree = "<group>";
			versionGroupType = wrapper.xcdatamodel;
		};
/* End XCVersionGroup section */
	};
	rootObject = 827DE1EB2653E85200CF78FA /* Project object */;
}
